
Microsoft Visual Studio Solution File, Format Version 12.00
# Visual Studio Version 17
VisualStudioVersion = 17.10.34707.107
MinimumVisualStudioVersion = 10.0.40219.1
Project("{FAE04EC0-301F-11D3-BF4B-00C04F79EFBC}") = "Unit tests", "Unit tests\Unit tests.csproj", "{6B633D77-E0BB-43C3-8500-E2D9B61275DB}"
EndProject
Global
	GlobalSection(SolutionConfigurationPlatforms) = preSolution
		Debug|Any CPU = Debug|Any CPU
		Release|Any CPU = Release|Any CPU
	EndGlobalSection
	GlobalSection(ProjectConfigurationPlatforms) = postSolution
		{6B633D77-E0BB-43C3-8500-E2D9B61275DB}.Debug|Any CPU.ActiveCfg = Debug|Any CPU
		{6B633D77-E0BB-43C3-8500-E2D9B61275DB}.Debug|Any CPU.Build.0 = Debug|Any CPU
		{6B633D77-E0BB-43C3-8500-E2D9B61275DB}.Release|Any CPU.ActiveCfg = Release|Any CPU
		{6B633D77-E0BB-43C3-8500-E2D9B61275DB}.Release|Any CPU.Build.0 = Release|Any CPU
	EndGlobalSection
	GlobalSection(SolutionProperties) = preSolution
		HideSolutionNode = FALSE
	EndGlobalSection
	GlobalSection(ExtensibilityGlobals) = postSolution
		SolutionGuid = {240363E5-C97B-4150-AAA6-A291A0492E01}
	EndGlobalSection
EndGlobal
